
Microsoft Visual Studio Solution File, Format Version 12.00
# Visual Studio Version 17
VisualStudioVersion = 17.4.33213.308
MinimumVisualStudioVersion = 10.0.40219.1
Project("{FAE04EC0-301F-11D3-BF4B-00C04F79EFBC}") = "Project", "Project\Project.csproj", "{A51135D9-8426-4D92-973A-C62C22B154DC}"
EndProject
Global
	GlobalSection(SolutionConfigurationPlatforms) = preSolution
		Debug|Any CPU = Debug|Any CPU
		Release|Any CPU = Release|Any CPU
	EndGlobalSection
	GlobalSection(ProjectConfigurationPlatforms) = postSolution
		{A51135D9-8426-4D92-973A-C62C22B154DC}.Debug|Any CPU.ActiveCfg = Debug|Any CPU
		{A51135D9-8426-4D92-973A-C62C22B154DC}.Debug|Any CPU.Build.0 = Debug|Any CPU
		{A51135D9-8426-4D92-973A-C62C22B154DC}.Release|Any CPU.ActiveCfg = Release|Any CPU
		{A51135D9-8426-4D92-973A-C62C22B154DC}.Release|Any CPU.Build.0 = Release|Any CPU
	EndGlobalSection
	GlobalSection(SolutionProperties) = preSolution
		HideSolutionNode = FALSE
	EndGlobalSection
	GlobalSection(ExtensibilityGlobals) = postSolution
		SolutionGuid = {2D273523-B6E2-48E0-B869-BD1CB8A7165C}
	EndGlobalSection
EndGlobal
